{
  "version": "2",
  "remote": {
    "https://deno.land/std@0.106.0/_util/assert.ts": "2f868145a042a11d5ad0a3c748dcf580add8a0dbc0e876eaa0026303a5488f58",
    "https://deno.land/std@0.106.0/_util/os.ts": "dfb186cc4e968c770ab6cc3288bd65f4871be03b93beecae57d657232ecffcac",
    "https://deno.land/std@0.106.0/fs/_util.ts": "f2ce811350236ea8c28450ed822a5f42a0892316515b1cd61321dec13569c56b",
    "https://deno.land/std@0.106.0/fs/ensure_dir.ts": "b7c103dc41a3d1dbbb522bf183c519c37065fdc234831a4a0f7d671b1ed5fea7",
    "https://deno.land/std@0.106.0/fs/expand_glob.ts": "73e7b13f01097b04ed782b3d63863379b718417417758ba622e282b1e5300b91",
    "https://deno.land/std@0.106.0/fs/walk.ts": "b91c655c60d048035f9cae0e6177991ab3245e786e3ab7d20a5b60012edf2126",
    "https://deno.land/std@0.106.0/path/_constants.ts": "1247fee4a79b70c89f23499691ef169b41b6ccf01887a0abd131009c5581b853",
    "https://deno.land/std@0.106.0/path/_interface.ts": "1fa73b02aaa24867e481a48492b44f2598cd9dfa513c7b34001437007d3642e4",
    "https://deno.land/std@0.106.0/path/_util.ts": "2e06a3b9e79beaf62687196bd4b60a4c391d862cfa007a20fc3a39f778ba073b",
    "https://deno.land/std@0.106.0/path/common.ts": "eaf03d08b569e8a87e674e4e265e099f237472b6fd135b3cbeae5827035ea14a",
    "https://deno.land/std@0.106.0/path/glob.ts": "3b84af55c53febacf6afe214c095624b22a56b6f57d7312157479cc783a0de65",
    "https://deno.land/std@0.106.0/path/mod.ts": "4465dc494f271b02569edbb4a18d727063b5dbd6ed84283ff906260970a15d12",
    "https://deno.land/std@0.106.0/path/posix.ts": "b81974c768d298f8dcd2c720229639b3803ca4a241fa9a355c762fa2bc5ef0c1",
    "https://deno.land/std@0.106.0/path/separator.ts": "8fdcf289b1b76fd726a508f57d3370ca029ae6976fcde5044007f062e643ff1c",
    "https://deno.land/std@0.106.0/path/win32.ts": "f4a3d4a3f2c9fe894da046d5eac48b5e789a0ebec5152b2c0985efe96a9f7ae1",
    "https://deno.land/std@0.109.0/_util/assert.ts": "2f868145a042a11d5ad0a3c748dcf580add8a0dbc0e876eaa0026303a5488f58",
    "https://deno.land/std@0.109.0/_util/os.ts": "dfb186cc4e968c770ab6cc3288bd65f4871be03b93beecae57d657232ecffcac",
    "https://deno.land/std@0.109.0/path/_constants.ts": "1247fee4a79b70c89f23499691ef169b41b6ccf01887a0abd131009c5581b853",
    "https://deno.land/std@0.109.0/path/_interface.ts": "1fa73b02aaa24867e481a48492b44f2598cd9dfa513c7b34001437007d3642e4",
    "https://deno.land/std@0.109.0/path/_util.ts": "2e06a3b9e79beaf62687196bd4b60a4c391d862cfa007a20fc3a39f778ba073b",
    "https://deno.land/std@0.109.0/path/common.ts": "f41a38a0719a1e85aa11c6ba3bea5e37c15dd009d705bd8873f94c833568cbc4",
    "https://deno.land/std@0.109.0/path/glob.ts": "46708a3249cb5dc4a116cae3055114d6339bd5f0c1f412db6a4e0cb44c828a7d",
    "https://deno.land/std@0.109.0/path/mod.ts": "4465dc494f271b02569edbb4a18d727063b5dbd6ed84283ff906260970a15d12",
    "https://deno.land/std@0.109.0/path/posix.ts": "34349174b9cd121625a2810837a82dd8b986bbaaad5ade690d1de75bbb4555b2",
    "https://deno.land/std@0.109.0/path/separator.ts": "8fdcf289b1b76fd726a508f57d3370ca029ae6976fcde5044007f062e643ff1c",
    "https://deno.land/std@0.109.0/path/win32.ts": "2edb2f71f10578ee1168de01a8cbd3c65483e45a46bc2fa3156a0c6bfbd2720d",
    "https://deno.land/x/dnt@0.0.9/lib/compiler.ts": "32ec582f5c20c82372d53550381eb9d44b6a8d9dbabffe7b4807557ebfbdd616",
    "https://deno.land/x/dnt@0.0.9/lib/mod.deps.ts": "82e53a28f5768b72244f46bcc821a8405c9103c7c00c34c94563595d0ffd1f4b",
    "https://deno.land/x/dnt@0.0.9/lib/pkg/dnt_wasm.js": "52305bf88fc54e8a251a92b7f1a6b695803d4f83b193f61d308438f7effce596",
    "https://deno.land/x/dnt@0.0.9/lib/pkg/dnt_wasm_bg.ts": "8d542f8255053e1c39b98e7a583600d148f8584a6fbf1ed3435e53f856435aff",
    "https://deno.land/x/dnt@0.0.9/lib/pkg/snippets/dnt-wasm-2cfe58fb53074cc7/helpers.js": "deaf53dd2583afdfa97d108504ede8e1e0f16ac73a17ce004bb92c429285a104",
    "https://deno.land/x/dnt@0.0.9/lib/transform.deps.ts": "07a8a9e98567f6a06788549783d19f66942992695cfdb08464b617a56e12963e",
    "https://deno.land/x/dnt@0.0.9/lib/types.ts": "b31f4c9bac4e97ed4ef95b2173566db850cac65bbb4c277b51fbf000c72692f8",
    "https://deno.land/x/dnt@0.0.9/mod.ts": "d45a352f2e426871594aa70651ba242cf29bda4f768ce987bb22d29921f16740",
    "https://deno.land/x/dnt@0.0.9/transform.ts": "68bb48e4180039680191b73d4f028d39f2ab980695a0cc48ea1f76861a0ce8ee",
    "https://deno.land/x/ts_morph@12.0.0/bootstrap/mod.ts": "b53aad517f106c4079971fcd4a81ab79fadc40b50061a3ab2b741a09119d51e9",
    "https://deno.land/x/ts_morph@12.0.0/bootstrap/ts_morph_bootstrap.d.ts": "7c8b47adc3cbbcb41238a89bf3e466c422d38e128aeb8cf7a7af4069f143d864",
    "https://deno.land/x/ts_morph@12.0.0/bootstrap/ts_morph_bootstrap.js": "124c16b4f53ae28bbe80c289f2cc90400a405b70c38a18b9ebf6ebebf5dcda2c",
    "https://deno.land/x/ts_morph@12.0.0/common/DenoRuntime.ts": "e3fa796be7de190f24f91ee6e04e9c78dff1952455b00fb1ff328a42faffc834",
    "https://deno.land/x/ts_morph@12.0.0/common/data/libFiles.js": "d64cb559483d01728cb1c51e8768d4f53d4c5bda9dc5c8becaace2878a3d01a9",
    "https://deno.land/x/ts_morph@12.0.0/common/mod.ts": "01985d2ee7da8d1caee318a9d07664774fbee4e31602bc2bb6bb62c3489555ed",
    "https://deno.land/x/ts_morph@12.0.0/common/ts_morph_common.d.ts": "0b9286871b6216853e75fa7ea196a49abdb933c600c36a63aa868845bbd50b8f",
    "https://deno.land/x/ts_morph@12.0.0/common/ts_morph_common.js": "0bbde4726e6110c4fa7e54121362cc5d9f27371ae2bdc59d10f9b71fbb8a56ef",
    "https://deno.land/x/ts_morph@12.0.0/common/typescript.d.ts": "693bfecb024a122139eccd43e82633076d9bd7ee453600eb273fb521fe842d96",
    "https://deno.land/x/ts_morph@12.0.0/common/typescript.js": "d78f7584a6bb4709a9fb4f65e79bb13a5c621e15737560db4cfc3fc558e2db95"
  }
}
